
Microsoft Visual Studio Solution File, Format Version 12.00
# Visual Studio Version 17
VisualStudioVersion = 17.14.36623.8 d17.14
MinimumVisualStudioVersion = 10.0.40219.1
Project("{FAE04EC0-301F-11D3-BF4B-00C04F79EFBC}") = "UnitConverter", "UnitConverter.csproj", "{316D1907-AC9C-41A2-8EA9-F3E7BD6FEBD1}"
EndProject
Global
	GlobalSection(SolutionConfigurationPlatforms) = preSolution
		Debug|Any CPU = Debug|Any CPU
		Release|Any CPU = Release|Any CPU
	EndGlobalSection
	GlobalSection(ProjectConfigurationPlatforms) = postSolution
		{316D1907-AC9C-41A2-8EA9-F3E7BD6FEBD1}.Debug|Any CPU.ActiveCfg = Debug|Any CPU
		{316D1907-AC9C-41A2-8EA9-F3E7BD6FEBD1}.Debug|Any CPU.Build.0 = Debug|Any CPU
		{316D1907-AC9C-41A2-8EA9-F3E7BD6FEBD1}.Release|Any CPU.ActiveCfg = Release|Any CPU
		{316D1907-AC9C-41A2-8EA9-F3E7BD6FEBD1}.Release|Any CPU.Build.0 = Release|Any CPU
	EndGlobalSection
	GlobalSection(SolutionProperties) = preSolution
		HideSolutionNode = FALSE
	EndGlobalSection
	GlobalSection(ExtensibilityGlobals) = postSolution
		SolutionGuid = {F2CA9154-E7EA-44E2-8E98-7B64010C8CC9}
	EndGlobalSection
EndGlobal
